
Microsoft Visual Studio Solution File, Format Version 12.00
# Visual Studio Version 17
VisualStudioVersion = 17.4.33403.182
MinimumVisualStudioVersion = 10.0.40219.1
Project("{FAE04EC0-301F-11D3-BF4B-00C04F79EFBC}") = "DoLoop", "DoLoop\DoLoop.csproj", "{91AF5DEA-F946-47D3-ACA7-F21587A4D50E}"
EndProject
Global
	GlobalSection(SolutionConfigurationPlatforms) = preSolution
		Debug|Any CPU = Debug|Any CPU
		Release|Any CPU = Release|Any CPU
	EndGlobalSection
	GlobalSection(ProjectConfigurationPlatforms) = postSolution
		{91AF5DEA-F946-47D3-ACA7-F21587A4D50E}.Debug|Any CPU.ActiveCfg = Debug|Any CPU
		{91AF5DEA-F946-47D3-ACA7-F21587A4D50E}.Debug|Any CPU.Build.0 = Debug|Any CPU
		{91AF5DEA-F946-47D3-ACA7-F21587A4D50E}.Release|Any CPU.ActiveCfg = Release|Any CPU
		{91AF5DEA-F946-47D3-ACA7-F21587A4D50E}.Release|Any CPU.Build.0 = Release|Any CPU
	EndGlobalSection
	GlobalSection(SolutionProperties) = preSolution
		HideSolutionNode = FALSE
	EndGlobalSection
	GlobalSection(ExtensibilityGlobals) = postSolution
		SolutionGuid = {B688BDE7-E12A-4CEA-9726-0F50E0AE1A1F}
	EndGlobalSection
EndGlobal
